github.com/FreakinRocket/zapi v0.0.4 h1:I5dDABl9VfKquVHyHZvxttvbcZ69+UAV1OumRXe9BEY=
github.com/FreakinRocket/zapi v0.0.4/go.mod h1:JMXVjLvovbRWHbNt2pdcdBVDTySx5ExqpyMqNMxVQIQ=
github.com/FreakinRocket/zjson v0.0.4 h1:StIKzvhH+JLXciYiW62qi0jnk4rQ2OBHP/j1nfUlYwY=
github.com/FreakinRocket/zjson v0.0.4/go.mod h1:/LglI4uI5PDhlgsHBxdvDGDhbsmOwxnekRRmdIOYJSI=
